
Microsoft Visual Studio Solution File, Format Version 12.00
# Visual Studio 15
VisualStudioVersion = 15.0.27130.2027
MinimumVisualStudioVersion = 10.0.40219.1
Project("{FAE04EC0-301F-11D3-BF4B-00C04F79EFBC}") = "Modelos", "Modelos\Modelos.csproj", "{64CB37C5-0953-4024-A1AC-3C2A76F1D90D}"
EndProject
Project("{FAE04EC0-301F-11D3-BF4B-00C04F79EFBC}") = "Pizzaria", "Pizzaria\Pizzaria.csproj", "{13B999C4-3FE8-4868-B882-8F1303595498}"
EndProject
Project("{FAE04EC0-301F-11D3-BF4B-00C04F79EFBC}") = "Controller", "Controller\Controller.csproj", "{2FD0B573-F819-4E1C-82B1-97241AE262FC}"
EndProject
Global
	GlobalSection(SolutionConfigurationPlatforms) = preSolution
		Debug|Any CPU = Debug|Any CPU
		Release|Any CPU = Release|Any CPU
	EndGlobalSection
	GlobalSection(ProjectConfigurationPlatforms) = postSolution
		{64CB37C5-0953-4024-A1AC-3C2A76F1D90D}.Debug|Any CPU.ActiveCfg = Debug|Any CPU
		{64CB37C5-0953-4024-A1AC-3C2A76F1D90D}.Debug|Any CPU.Build.0 = Debug|Any CPU
		{64CB37C5-0953-4024-A1AC-3C2A76F1D90D}.Release|Any CPU.ActiveCfg = Release|Any CPU
		{64CB37C5-0953-4024-A1AC-3C2A76F1D90D}.Release|Any CPU.Build.0 = Release|Any CPU
		{13B999C4-3FE8-4868-B882-8F1303595498}.Debug|Any CPU.ActiveCfg = Debug|Any CPU
		{13B999C4-3FE8-4868-B882-8F1303595498}.Debug|Any CPU.Build.0 = Debug|Any CPU
		{13B999C4-3FE8-4868-B882-8F1303595498}.Release|Any CPU.ActiveCfg = Release|Any CPU
		{13B999C4-3FE8-4868-B882-8F1303595498}.Release|Any CPU.Build.0 = Release|Any CPU
		{2FD0B573-F819-4E1C-82B1-97241AE262FC}.Debug|Any CPU.ActiveCfg = Debug|Any CPU
		{2FD0B573-F819-4E1C-82B1-97241AE262FC}.Debug|Any CPU.Build.0 = Debug|Any CPU
		{2FD0B573-F819-4E1C-82B1-97241AE262FC}.Release|Any CPU.ActiveCfg = Release|Any CPU
		{2FD0B573-F819-4E1C-82B1-97241AE262FC}.Release|Any CPU.Build.0 = Release|Any CPU
	EndGlobalSection
	GlobalSection(SolutionProperties) = preSolution
		HideSolutionNode = FALSE
	EndGlobalSection
	GlobalSection(ExtensibilityGlobals) = postSolution
		SolutionGuid = {94E70D65-4A13-4383-9297-BE8B9AE00879}
	EndGlobalSection
EndGlobal
